// !$*UTF8*$!
{
	archiveVersion = 1;
	classes = {
	};
	objectVersion = 50;
	objects = {

/* Begin PBXBuildFile section */
		DFB92FB12117B03A00695334 /* AppDelegate.swift in Sources */ = {isa = PBXBuildFile; fileRef = DFB92FB02117B03A00695334 /* AppDelegate.swift */; };
		DFB92FB42117B03A00695334 /* CourseraOpenLibrarySearchTableView.xcdatamodeld in Sources */ = {isa = PBXBuildFile; fileRef = DFB92FB22117B03A00695334 /* CourseraOpenLibrarySearchTableView.xcdatamodeld */; };
		DFB92FBB2117B03A00695334 /* Main.storyboard in Resources */ = {isa = PBXBuildFile; fileRef = DFB92FB92117B03A00695334 /* Main.storyboard */; };
		DFB92FBD2117B03C00695334 /* Assets.xcassets in Resources */ = {isa = PBXBuildFile; fileRef = DFB92FBC2117B03C00695334 /* Assets.xcassets */; };
		DFB92FC02117B03C00695334 /* LaunchScreen.storyboard in Resources */ = {isa = PBXBuildFile; fileRef = DFB92FBE2117B03C00695334 /* LaunchScreen.storyboard */; };
		DFB92FC82117B39000695334 /* TVC.swift in Sources */ = {isa = PBXBuildFile; fileRef = DFB92FC72117B39000695334 /* TVC.swift */; };
/* End PBXBuildFile section */

/* Begin PBXFileReference section */
		DFB92FAD2117B03A00695334 /* CourseraOpenLibrarySearchTableView.app */ = {isa = PBXFileReference; explicitFileType = wrapper.application; includeInIndex = 0; path = CourseraOpenLibrarySearchTableView.app; sourceTree = BUILT_PRODUCTS_DIR; };
		DFB92FB02117B03A00695334 /* AppDelegate.swift */ = {isa = PBXFileReference; lastKnownFileType = sourcecode.swift; path = AppDelegate.swift; sourceTree = "<group>"; };
		DFB92FB32117B03A00695334 /* CourseraOpenLibrarySearchTableView.xcdatamodel */ = {isa = PBXFileReference; lastKnownFileType = wrapper.xcdatamodel; path = CourseraOpenLibrarySearchTableView.xcdatamodel; sourceTree = "<group>"; };
		DFB92FBA2117B03A00695334 /* Base */ = {isa = PBXFileReference; lastKnownFileType = file.storyboard; name = Base; path = Base.lproj/Main.storyboard; sourceTree = "<group>"; };
		DFB92FBC2117B03C00695334 /* Assets.xcassets */ = {isa = PBXFileReference; lastKnownFileType = folder.assetcatalog; path = Assets.xcassets; sourceTree = "<group>"; };
		DFB92FBF2117B03C00695334 /* Base */ = {isa = PBXFileReference; lastKnownFileType = file.storyboard; name = Base; path = Base.lproj/LaunchScreen.storyboard; sourceTree = "<group>"; };
		DFB92FC12117B03C00695334 /* Info.plist */ = {isa = PBXFileReference; lastKnownFileType = text.plist.xml; path = Info.plist; sourceTree = "<group>"; };
		DFB92FC72117B39000695334 /* TVC.swift */ = {isa = PBXFileReference; lastKnownFileType = sourcecode.swift; path = TVC.swift; sourceTree = "<group>"; };
/* End PBXFileReference section */

/* Begin PBXFrameworksBuildPhase section */
		DFB92FAA2117B03A00695334 /* Frameworks */ = {
			isa = PBXFrameworksBuildPhase;
			buildActionMask = 2147483647;
			files = (
			);
			runOnlyForDeploymentPostprocessing = 0;
		};
/* End PBXFrameworksBuildPhase section */

/* Begin PBXGroup section */
		DFB92FA42117B03A00695334 = {
			isa = PBXGroup;
			children = (
				DFB92FAF2117B03A00695334 /* CourseraOpenLibrarySearchTableView */,
				DFB92FAE2117B03A00695334 /* Products */,
			);
			sourceTree = "<group>";
		};
		DFB92FAE2117B03A00695334 /* Products */ = {
			isa = PBXGroup;
			children = (
				DFB92FAD2117B03A00695334 /* CourseraOpenLibrarySearchTableView.app */,
			);
			name = Products;
			sourceTree = "<group>";
		};
		DFB92FAF2117B03A00695334 /* CourseraOpenLibrarySearchTableView */ = {
			isa = PBXGroup;
			children = (
				DFB92FB02117B03A00695334 /* AppDelegate.swift */,
				DFB92FB92117B03A00695334 /* Main.storyboard */,
				DFB92FBC2117B03C00695334 /* Assets.xcassets */,
				DFB92FBE2117B03C00695334 /* LaunchScreen.storyboard */,
				DFB92FC12117B03C00695334 /* Info.plist */,
				DFB92FB22117B03A00695334 /* CourseraOpenLibrarySearchTableView.xcdatamodeld */,
				DFB92FC72117B39000695334 /* TVC.swift */,
			);
			path = CourseraOpenLibrarySearchTableView;
			sourceTree = "<group>";
		};
/* End PBXGroup section */

/* Begin PBXNativeTarget section */
		DFB92FAC2117B03A00695334 /* CourseraOpenLibrarySearchTableView */ = {
			isa = PBXNativeTarget;
			buildConfigurationList = DFB92FC42117B03C00695334 /* Build configuration list for PBXNativeTarget "CourseraOpenLibrarySearchTableView" */;
			buildPhases = (
				DFB92FA92117B03A00695334 /* Sources */,
				DFB92FAA2117B03A00695334 /* Frameworks */,
				DFB92FAB2117B03A00695334 /* Resources */,
			);
			buildRules = (
			);
			dependencies = (
			);
			name = CourseraOpenLibrarySearchTableView;
			productName = CourseraOpenLibrarySearchTableView;
			productReference = DFB92FAD2117B03A00695334 /* CourseraOpenLibrarySearchTableView.app */;
			productType = "com.apple.product-type.application";
		};
/* End PBXNativeTarget section */

/* Begin PBXProject section */
		DFB92FA52117B03A00695334 /* Project object */ = {
			isa = PBXProject;
			attributes = {
				LastSwiftUpdateCheck = 0940;
				LastUpgradeCheck = 0940;
				ORGANIZATIONNAME = "R3S Web Development";
				TargetAttributes = {
					DFB92FAC2117B03A00695334 = {
						CreatedOnToolsVersion = 9.4.1;
					};
				};
			};
			buildConfigurationList = DFB92FA82117B03A00695334 /* Build configuration list for PBXProject "CourseraOpenLibrarySearchTableView" */;
			compatibilityVersion = "Xcode 9.3";
			developmentRegion = en;
			hasScannedForEncodings = 0;
			knownRegions = (
				en,
				Base,
			);
			mainGroup = DFB92FA42117B03A00695334;
			productRefGroup = DFB92FAE2117B03A00695334 /* Products */;
			projectDirPath = "";
			projectRoot = "";
			targets = (
				DFB92FAC2117B03A00695334 /* CourseraOpenLibrarySearchTableView */,
			);
		};
/* End PBXProject section */

/* Begin PBXResourcesBuildPhase section */
		DFB92FAB2117B03A00695334 /* Resources */ = {
			isa = PBXResourcesBuildPhase;
			buildActionMask = 2147483647;
			files = (
				DFB92FC02117B03C00695334 /* LaunchScreen.storyboard in Resources */,
				DFB92FBD2117B03C00695334 /* Assets.xcassets in Resources */,
				DFB92FBB2117B03A00695334 /* Main.storyboard in Resources */,
			);
			runOnlyForDeploymentPostprocessing = 0;
		};
/* End PBXResourcesBuildPhase section */

/* Begin PBXSourcesBuildPhase section */
		DFB92FA92117B03A00695334 /* Sources */ = {
			isa = PBXSourcesBuildPhase;
			buildActionMask = 2147483647;
			files = (
				DFB92FB12117B03A00695334 /* AppDelegate.swift in Sources */,
				DFB92FC82117B39000695334 /* TVC.swift in Sources */,
				DFB92FB42117B03A00695334 /* CourseraOpenLibrarySearchTableView.xcdatamodeld in Sources */,
			);
			runOnlyForDeploymentPostprocessing = 0;
		};
/* End PBXSourcesBuildPhase section */

/* Begin PBXVariantGroup section */
		DFB92FB92117B03A00695334 /* Main.storyboard */ = {
			isa = PBXVariantGroup;
			children = (
				DFB92FBA2117B03A00695334 /* Base */,
			);
			name = Main.storyboard;
			sourceTree = "<group>";
		};
		DFB92FBE2117B03C00695334 /* LaunchScreen.storyboard */ = {
			isa = PBXVariantGroup;
			children = (
				DFB92FBF2117B03C00695334 /* Base */,
			);
			name = LaunchScreen.storyboard;
			sourceTree = "<group>";
		};
/* End PBXVariantGroup section */

/* Begin XCBuildConfiguration section */
		DFB92FC22117B03C00695334 /* Debug */ = {
			isa = XCBuildConfiguration;
			buildSettings = {
				ALWAYS_SEARCH_USER_PATHS = NO;
				CLANG_ANALYZER_NONNULL = YES;
				CLANG_ANALYZER_NUMBER_OBJECT_CONVERSION = YES_AGGRESSIVE;
				CLANG_CXX_LANGUAGE_STANDARD = "gnu++14";
				CLANG_CXX_LIBRARY = "libc++";
				CLANG_ENABLE_MODULES = YES;
				CLANG_ENABLE_OBJC_ARC = YES;
				CLANG_ENABLE_OBJC_WEAK = YES;
				CLANG_WARN_BLOCK_CAPTURE_AUTORELEASING = YES;
				CLANG_WARN_BOOL_CONVERSION = YES;
				CLANG_WARN_COMMA = YES;
				CLANG_WARN_CONSTANT_CONVERSION = YES;
				CLANG_WARN_DEPRECATED_OBJC_IMPLEMENTATIONS = YES;
				CLANG_WARN_DIRECT_OBJC_ISA_USAGE = YES_ERROR;
				CLANG_WARN_DOCUMENTATION_COMMENTS = YES;
				CLANG_WARN_EMPTY_BODY = YES;
				CLANG_WARN_ENUM_CONVERSION = YES;
				CLANG_WARN_INFINITE_RECURSION = YES;
				CLANG_WARN_INT_CONVERSION = YES;
				CLANG_WARN_NON_LITERAL_NULL_CONVERSION = YES;
				CLANG_WARN_OBJC_IMPLICIT_RETAIN_SELF = YES;
				CLANG_WARN_OBJC_LITERAL_CONVERSION = YES;
				CLANG_WARN_OBJC_ROOT_CLASS = YES_ERROR;
				CLANG_WARN_RANGE_LOOP_ANALYSIS = YES;
				CLANG_WARN_STRICT_PROTOTYPES = YES;
				CLANG_WARN_SUSPICIOUS_MOVE = YES;
				CLANG_WARN_UNGUARDED_AVAILABILITY = YES_AGGRESSIVE;
				CLANG_WARN_UNREACHABLE_CODE = YES;
				CLANG_WARN__DUPLICATE_METHOD_MATCH = YES;
				CODE_SIGN_IDENTITY = "iPhone Developer";
				COPY_PHASE_STRIP = NO;
				DEBUG_INFORMATION_FORMAT = dwarf;
				ENABLE_STRICT_OBJC_MSGSEND = YES;
				ENABLE_TESTABILITY = YES;
				GCC_C_LANGUAGE_STANDARD = gnu11;
				GCC_DYNAMIC_NO_PIC = NO;
				GCC_NO_COMMON_BLOCKS = YES;
				GCC_OPTIMIZATION_LEVEL = 0;
				GCC_PREPROCESSOR_DEFINITIONS = (
					"DEBUG=1",
					"$(inherited)",
				);
				GCC_WARN_64_TO_32_BIT_CONVERSION = YES;
				GCC_WARN_ABOUT_RETURN_TYPE = YES_ERROR;
				GCC_WARN_UNDECLARED_SELECTOR = YES;
				GCC_WARN_UNINITIALIZED_AUTOS = YES_AGGRESSIVE;
				GCC_WARN_UNUSED_FUNCTION = YES;
				GCC_WARN_UNUSED_VARIABLE = YES;
				IPHONEOS_DEPLOYMENT_TARGET = 11.4;
				MTL_ENABLE_DEBUG_INFO = YES;
				ONLY_ACTIVE_ARCH = YES;
				SDKROOT = iphoneos;
				SWIFT_ACTIVE_COMPILATION_CONDITIONS = DEBUG;
				SWIFT_OPTIMIZATION_LEVEL = "-Onone";
			};
			name = Debug;
		};
		DFB92FC32117B03C00695334 /* Release */ = {
			isa = XCBuildConfiguration;
			buildSettings = {
				ALWAYS_SEARCH_USER_PATHS = NO;
				CLANG_ANALYZER_NONNULL = YES;
				CLANG_ANALYZER_NUMBER_OBJECT_CONVERSION = YES_AGGRESSIVE;
				CLANG_CXX_LANGUAGE_STANDARD = "gnu++14";
				CLANG_CXX_LIBRARY = "libc++";
				CLANG_ENABLE_MODULES = YES;
				CLANG_ENABLE_OBJC_ARC = YES;
				CLANG_ENABLE_OBJC_WEAK = YES;
				CLANG_WARN_BLOCK_CAPTURE_AUTORELEASING = YES;
				CLANG_WARN_BOOL_CONVERSION = YES;
				CLANG_WARN_COMMA = YES;
				CLANG_WARN_CONSTANT_CONVERSION = YES;
				CLANG_WARN_DEPRECATED_OBJC_IMPLEMENTATIONS = YES;
				CLANG_WARN_DIRECT_OBJC_ISA_USAGE = YES_ERROR;
				CLANG_WARN_DOCUMENTATION_COMMENTS = YES;
				CLANG_WARN_EMPTY_BODY = YES;
				CLANG_WARN_ENUM_CONVERSION = YES;
				CLANG_WARN_INFINITE_RECURSION = YES;
				CLANG_WARN_INT_CONVERSION = YES;
				CLANG_WARN_NON_LITERAL_NULL_CONVERSION = YES;
				CLANG_WARN_OBJC_IMPLICIT_RETAIN_SELF = YES;
				CLANG_WARN_OBJC_LITERAL_CONVERSION = YES;
				CLANG_WARN_OBJC_ROOT_CLASS = YES_ERROR;
				CLANG_WARN_RANGE_LOOP_ANALYSIS = YES;
				CLANG_WARN_STRICT_PROTOTYPES = YES;
				CLANG_WARN_SUSPICIOUS_MOVE = YES;
				CLANG_WARN_UNGUARDED_AVAILABILITY = YES_AGGRESSIVE;
				CLANG_WARN_UNREACHABLE_CODE = YES;
				CLANG_WARN__DUPLICATE_METHOD_MATCH = YES;
				CODE_SIGN_IDENTITY = "iPhone Developer";
				COPY_PHASE_STRIP = NO;
				DEBUG_INFORMATION_FORMAT = "dwarf-with-dsym";
				ENABLE_NS_ASSERTIONS = NO;
				ENABLE_STRICT_OBJC_MSGSEND = YES;
				GCC_C_LANGUAGE_STANDARD = gnu11;
				GCC_NO_COMMON_BLOCKS = YES;
				GCC_WARN_64_TO_32_BIT_CONVERSION = YES;
				GCC_WARN_ABOUT_RETURN_TYPE = YES_ERROR;
				GCC_WARN_UNDECLARED_SELECTOR = YES;
				GCC_WARN_UNINITIALIZED_AUTOS = YES_AGGRESSIVE;
				GCC_WARN_UNUSED_FUNCTION = YES;
				GCC_WARN_UNUSED_VARIABLE = YES;
				IPHONEOS_DEPLOYMENT_TARGET = 11.4;
				MTL_ENABLE_DEBUG_INFO = NO;
				SDKROOT = iphoneos;
				SWIFT_COMPILATION_MODE = wholemodule;
				SWIFT_OPTIMIZATION_LEVEL = "-O";
				VALIDATE_PRODUCT = YES;
			};
			name = Release;
		};
		DFB92FC52117B03C00695334 /* Debug */ = {
			isa = XCBuildConfiguration;
			buildSettings = {
				ASSETCATALOG_COMPILER_APPICON_NAME = AppIcon;
				CODE_SIGN_STYLE = Automatic;
				DEVELOPMENT_TEAM = 2R62XY78RU;
				INFOPLIST_FILE = CourseraOpenLibrarySearchTableView/Info.plist;
				LD_RUNPATH_SEARCH_PATHS = (
					"$(inherited)",
					"@executable_path/Frameworks",
				);
				PRODUCT_BUNDLE_IDENTIFIER = mx.com.r3s.CourseraOpenLibrarySearchTableView;
				PRODUCT_NAME = "$(TARGET_NAME)";
				SWIFT_VERSION = 4.0;
				TARGETED_DEVICE_FAMILY = "1,2";
			};
			name = Debug;
		};
		DFB92FC62117B03C00695334 /* Release */ = {
			isa = XCBuildConfiguration;
			buildSettings = {
				ASSETCATALOG_COMPILER_APPICON_NAME = AppIcon;
				CODE_SIGN_STYLE = Automatic;
				DEVELOPMENT_TEAM = 2R62XY78RU;
				INFOPLIST_FILE = CourseraOpenLibrarySearchTableView/Info.plist;
				LD_RUNPATH_SEARCH_PATHS = (
					"$(inherited)",
					"@executable_path/Frameworks",
				);
				PRODUCT_BUNDLE_IDENTIFIER = mx.com.r3s.CourseraOpenLibrarySearchTableView;
				PRODUCT_NAME = "$(TARGET_NAME)";
				SWIFT_VERSION = 4.0;
				TARGETED_DEVICE_FAMILY = "1,2";
			};
			name = Release;
		};
/* End XCBuildConfiguration section */

/* Begin XCConfigurationList section */
		DFB92FA82117B03A00695334 /* Build configuration list for PBXProject "CourseraOpenLibrarySearchTableView" */ = {
			isa = XCConfigurationList;
			buildConfigurations = (
				DFB92FC22117B03C00695334 /* Debug */,
				DFB92FC32117B03C00695334 /* Release */,
			);
			defaultConfigurationIsVisible = 0;
			defaultConfigurationName = Release;
		};
		DFB92FC42117B03C00695334 /* Build configuration list for PBXNativeTarget "CourseraOpenLibrarySearchTableView" */ = {
			isa = XCConfigurationList;
			buildConfigurations = (
				DFB92FC52117B03C00695334 /* Debug */,
				DFB92FC62117B03C00695334 /* Release */,
			);
			defaultConfigurationIsVisible = 0;
			defaultConfigurationName = Release;
		};
/* End XCConfigurationList section */

/* Begin XCVersionGroup section */
		DFB92FB22117B03A00695334 /* CourseraOpenLibrarySearchTableView.xcdatamodeld */ = {
			isa = XCVersionGroup;
			children = (
				DFB92FB32117B03A00695334 /* CourseraOpenLibrarySearchTableView.xcdatamodel */,
			);
			currentVersion = DFB92FB32117B03A00695334 /* CourseraOpenLibrarySearchTableView.xcdatamodel */;
			path = CourseraOpenLibrarySearchTableView.xcdatamodeld;
			sourceTree = "<group>";
			versionGroupType = wrapper.xcdatamodel;
		};
/* End XCVersionGroup section */
	};
	rootObject = DFB92FA52117B03A00695334 /* Project object */;
}
